
Microsoft Visual Studio Solution File, Format Version 12.00
# Visual Studio Version 17
VisualStudioVersion = 17.6.33815.320
MinimumVisualStudioVersion = 10.0.40219.1
Project("{9A19103F-16F7-4668-BE54-9A1E7A4F7556}") = "UnoAnimationCompleteIssue", "UnoAnimationCompleteIssue\UnoAnimationCompleteIssue.csproj", "{0CDC8A36-4160-4060-AD80-6D4B483DCC57}"
EndProject
Project("{2150E333-8FDC-42A3-9474-1A3956D46DE8}") = "Solution Items", "Solution Items", "{5F1E6CEE-9CF5-4E43-9066-71DA9B2650CF}"
	ProjectSection(SolutionItems) = preProject
		.gitignore = .gitignore
		Directory.Build.props = Directory.Build.props
		Directory.Build.targets = Directory.Build.targets
		Directory.Packages.props = Directory.Packages.props
		global.json = global.json
		LICENSE = LICENSE
		README.md = README.md
	EndProjectSection
EndProject
Global
	GlobalSection(SolutionConfigurationPlatforms) = preSolution
		Debug|Any CPU = Debug|Any CPU
		Debug|arm64 = Debug|arm64
		Debug|x64 = Debug|x64
		Debug|x86 = Debug|x86
		Release|Any CPU = Release|Any CPU
		Release|arm64 = Release|arm64
		Release|x64 = Release|x64
		Release|x86 = Release|x86
	EndGlobalSection
	GlobalSection(ProjectConfigurationPlatforms) = postSolution
		{0CDC8A36-4160-4060-AD80-6D4B483DCC57}.Debug|Any CPU.ActiveCfg = Debug|Any CPU
		{0CDC8A36-4160-4060-AD80-6D4B483DCC57}.Debug|Any CPU.Build.0 = Debug|Any CPU
		{0CDC8A36-4160-4060-AD80-6D4B483DCC57}.Debug|Any CPU.Deploy.0 = Debug|Any CPU
		{0CDC8A36-4160-4060-AD80-6D4B483DCC57}.Debug|arm64.ActiveCfg = Debug|Any CPU
		{0CDC8A36-4160-4060-AD80-6D4B483DCC57}.Debug|arm64.Build.0 = Debug|Any CPU
		{0CDC8A36-4160-4060-AD80-6D4B483DCC57}.Debug|x64.ActiveCfg = Debug|Any CPU
		{0CDC8A36-4160-4060-AD80-6D4B483DCC57}.Debug|x64.Build.0 = Debug|Any CPU
		{0CDC8A36-4160-4060-AD80-6D4B483DCC57}.Debug|x86.ActiveCfg = Debug|Any CPU
		{0CDC8A36-4160-4060-AD80-6D4B483DCC57}.Debug|x86.Build.0 = Debug|Any CPU
		{0CDC8A36-4160-4060-AD80-6D4B483DCC57}.Release|Any CPU.ActiveCfg = Release|Any CPU
		{0CDC8A36-4160-4060-AD80-6D4B483DCC57}.Release|Any CPU.Build.0 = Release|Any CPU
		{0CDC8A36-4160-4060-AD80-6D4B483DCC57}.Release|arm64.ActiveCfg = Release|Any CPU
		{0CDC8A36-4160-4060-AD80-6D4B483DCC57}.Release|arm64.Build.0 = Release|Any CPU
		{0CDC8A36-4160-4060-AD80-6D4B483DCC57}.Release|x64.ActiveCfg = Release|Any CPU
		{0CDC8A36-4160-4060-AD80-6D4B483DCC57}.Release|x64.Build.0 = Release|Any CPU
		{0CDC8A36-4160-4060-AD80-6D4B483DCC57}.Release|x86.ActiveCfg = Release|Any CPU
		{0CDC8A36-4160-4060-AD80-6D4B483DCC57}.Release|x86.Build.0 = Release|Any CPU
	EndGlobalSection
	GlobalSection(SolutionProperties) = preSolution
		HideSolutionNode = FALSE
	EndGlobalSection
	GlobalSection(ExtensibilityGlobals) = postSolution
		SolutionGuid = {2529C4A4-E719-4603-89D9-DC1102C21D3B}
	EndGlobalSection
EndGlobal
